
Microsoft Visual Studio Solution File, Format Version 12.00
# Visual Studio Version 16
VisualStudioVersion = 16.0.29326.143
MinimumVisualStudioVersion = 10.0.40219.1
Project("{8BC9CEB8-8B4A-11D0-8D11-00A0C91BC942}") = "Tutorial06", "Tutorial06_2017.vcxproj", "{291B6A55-368E-4420-A0EB-FBE077B9F137}"
EndProject
Global
	GlobalSection(SolutionConfigurationPlatforms) = preSolution
		Debug|x64 = Debug|x64
		Debug|x86 = Debug|x86
		Profile|x64 = Profile|x64
		Profile|x86 = Profile|x86
		Release|x64 = Release|x64
		Release|x86 = Release|x86
	EndGlobalSection
	GlobalSection(ProjectConfigurationPlatforms) = postSolution
		{291B6A55-368E-4420-A0EB-FBE077B9F137}.Debug|x64.ActiveCfg = Debug|x64
		{291B6A55-368E-4420-A0EB-FBE077B9F137}.Debug|x64.Build.0 = Debug|x64
		{291B6A55-368E-4420-A0EB-FBE077B9F137}.Debug|x86.ActiveCfg = Debug|Win32
		{291B6A55-368E-4420-A0EB-FBE077B9F137}.Debug|x86.Build.0 = Debug|Win32
		{291B6A55-368E-4420-A0EB-FBE077B9F137}.Profile|x64.ActiveCfg = Profile|x64
		{291B6A55-368E-4420-A0EB-FBE077B9F137}.Profile|x64.Build.0 = Profile|x64
		{291B6A55-368E-4420-A0EB-FBE077B9F137}.Profile|x86.ActiveCfg = Profile|Win32
		{291B6A55-368E-4420-A0EB-FBE077B9F137}.Profile|x86.Build.0 = Profile|Win32
		{291B6A55-368E-4420-A0EB-FBE077B9F137}.Release|x64.ActiveCfg = Release|x64
		{291B6A55-368E-4420-A0EB-FBE077B9F137}.Release|x64.Build.0 = Release|x64
		{291B6A55-368E-4420-A0EB-FBE077B9F137}.Release|x86.ActiveCfg = Release|Win32
		{291B6A55-368E-4420-A0EB-FBE077B9F137}.Release|x86.Build.0 = Release|Win32
	EndGlobalSection
	GlobalSection(SolutionProperties) = preSolution
		HideSolutionNode = FALSE
	EndGlobalSection
	GlobalSection(ExtensibilityGlobals) = postSolution
		SolutionGuid = {E8F2E54A-4C9D-47AC-B6C3-56A9494483FC}
	EndGlobalSection
EndGlobal
